
Microsoft Visual Studio Solution File, Format Version 12.00
# Visual Studio Version 16
VisualStudioVersion = 16.0.33214.272
MinimumVisualStudioVersion = 10.0.40219.1
Project("{FAE04EC0-301F-11D3-BF4B-00C04F79EFBC}") = "Task1", "Task1\Task1.csproj", "{4C42D1A8-672D-4B6B-A7CE-472D52FBA1BC}"
EndProject
Global
	GlobalSection(SolutionConfigurationPlatforms) = preSolution
		Debug|Any CPU = Debug|Any CPU
		Release|Any CPU = Release|Any CPU
	EndGlobalSection
	GlobalSection(ProjectConfigurationPlatforms) = postSolution
		{4C42D1A8-672D-4B6B-A7CE-472D52FBA1BC}.Debug|Any CPU.ActiveCfg = Debug|Any CPU
		{4C42D1A8-672D-4B6B-A7CE-472D52FBA1BC}.Debug|Any CPU.Build.0 = Debug|Any CPU
		{4C42D1A8-672D-4B6B-A7CE-472D52FBA1BC}.Release|Any CPU.ActiveCfg = Release|Any CPU
		{4C42D1A8-672D-4B6B-A7CE-472D52FBA1BC}.Release|Any CPU.Build.0 = Release|Any CPU
	EndGlobalSection
	GlobalSection(SolutionProperties) = preSolution
		HideSolutionNode = FALSE
	EndGlobalSection
	GlobalSection(ExtensibilityGlobals) = postSolution
		SolutionGuid = {94A14C97-59E9-4DDA-A22C-539F78BE6950}
	EndGlobalSection
EndGlobal
